# @generated by Move, please check-in and do not edit manually.

[move]
version = 2
manifest_digest = "E390C224251D26507905B101025A75F6F38969394586900BDF17C1B51B238669"
deps_digest = "060AD7E57DFB13104F21BE5F5C3759D03F0553FC3229247D9A7A6B45F50D03A3"
dependencies = [
  { name = "Sui" },
  { name = "lending_core" },
  { name = "oracle" },
]

[[move.package]]
name = "MoveStdlib"
source = { git = "https://github.com/MystenLabs/sui.git", rev = "framework/mainnet", subdir = "crates/sui-framework/packages/move-stdlib" }

[[move.package]]
name = "Pyth"
source = { git = "https://github.com/naviprotocol/pyth-crosschain.git", rev = "navi-forked", subdir = "target_chains/sui/contracts" }

dependencies = [
  { name = "Sui" },
  { name = "Wormhole" },
]

[[move.package]]
name = "Sui"
source = { git = "https://github.com/MystenLabs/sui.git", rev = "framework/mainnet", subdir = "crates/sui-framework/packages/sui-framework" }

dependencies = [
  { name = "MoveStdlib" },
]

[[move.package]]
name = "SupraOracle"
source = { git = "https://github.com/naviprotocol/dora-interface.git", rev = "main", subdir = "sui/mainnet/supra_holder" }

dependencies = [
  { name = "Sui" },
  { name = "supra_validator" },
]

[[move.package]]
name = "Wormhole"
source = { git = "https://github.com/naviprotocol/wormhole.git", rev = "navi-forked", subdir = "sui/wormhole" }

dependencies = [
  { name = "Sui" },
]

[[move.package]]
name = "lending_core"
source = { git = "https://github.com/naviprotocol/protocol-interface.git", rev = "main", subdir = "lending_core" }

dependencies = [
  { name = "Sui" },
  { name = "math" },
  { name = "oracle" },
  { name = "utils" },
]

[[move.package]]
name = "math"
source = { git = "https://github.com/naviprotocol/protocol-interface.git", rev = "main", subdir = "math" }

dependencies = [
  { name = "Sui" },
]

[[move.package]]
name = "oracle"
source = { git = "https://github.com/naviprotocol/protocol-interface.git", rev = "main", subdir = "oracle" }

dependencies = [
  { name = "Pyth" },
  { name = "Sui" },
  { name = "SupraOracle" },
]

[[move.package]]
name = "supra_utils"
source = { git = "https://github.com/naviprotocol/dora-interface.git", rev = "main", subdir = "sui/mainnet/supra_utils" }

dependencies = [
  { name = "Sui" },
]

[[move.package]]
name = "supra_validator"
source = { git = "https://github.com/naviprotocol/dora-interface.git", rev = "main", subdir = "sui/mainnet/supra_validator" }

dependencies = [
  { name = "Sui" },
  { name = "supra_utils" },
]

[[move.package]]
name = "utils"
source = { git = "https://github.com/naviprotocol/protocol-interface.git", rev = "main", subdir = "utils" }

dependencies = [
  { name = "Sui" },
]

[move.toolchain-version]
compiler-version = "1.34.0"
edition = "2024.beta"
flavor = "sui"

[env]

[env.mainnet]
chain-id = "35834a8a"
original-published-id = "0xefddbf51929958c882202679b7bdd9e3c394c13879534638b6131e8327ce450f"
latest-published-id = "0xefddbf51929958c882202679b7bdd9e3c394c13879534638b6131e8327ce450f"
published-version = "1"
